# This file is automatically @generated by Cargo.
# It is not intended for manual editing.
[[package]]
name = "exercises"
version = "0.1.0"
dependencies = [
 "play_str 0.1.0",
 "play_thread 0.1.0",
]

[[package]]
name = "play_str"
version = "0.1.0"

[[package]]
name = "play_thread"
version = "0.1.0"

